// !$*UTF8*$!
{
	archiveVersion = 1;
	classes = {
	};
	objectVersion = 56;
	objects = {

/* Begin PBXBuildFile section */
		14173BB52B274856002A9EC6 /* Font.swift in Sources */ = {isa = PBXBuildFile; fileRef = 14173BB42B274856002A9EC6 /* Font.swift */; };
		14173BBA2B27491E002A9EC6 /* AquireLight.otf in Resources */ = {isa = PBXBuildFile; fileRef = 14173BB72B27491E002A9EC6 /* AquireLight.otf */; };
		14173BBB2B27491E002A9EC6 /* AquireBold.otf in Resources */ = {isa = PBXBuildFile; fileRef = 14173BB82B27491E002A9EC6 /* AquireBold.otf */; };
		14173BBC2B27491E002A9EC6 /* AquireRegular.otf in Resources */ = {isa = PBXBuildFile; fileRef = 14173BB92B27491E002A9EC6 /* AquireRegular.otf */; };
		14173BBE2B275105002A9EC6 /* PhotoCaptureView.swift in Sources */ = {isa = PBXBuildFile; fileRef = 14173BBD2B275105002A9EC6 /* PhotoCaptureView.swift */; };
		14173BC02B275124002A9EC6 /* ImagePickerView.swift in Sources */ = {isa = PBXBuildFile; fileRef = 14173BBF2B275124002A9EC6 /* ImagePickerView.swift */; };
		14883DEA2B18C58A0027FF5A /* RecycleBotApp.swift in Sources */ = {isa = PBXBuildFile; fileRef = 14883DE92B18C58A0027FF5A /* RecycleBotApp.swift */; };
		14883DEC2B18C58A0027FF5A /* ContentView.swift in Sources */ = {isa = PBXBuildFile; fileRef = 14883DEB2B18C58A0027FF5A /* ContentView.swift */; };
		14883DEE2B18C58B0027FF5A /* Assets.xcassets in Resources */ = {isa = PBXBuildFile; fileRef = 14883DED2B18C58B0027FF5A /* Assets.xcassets */; };
		14883DF12B18C58B0027FF5A /* Preview Assets.xcassets in Resources */ = {isa = PBXBuildFile; fileRef = 14883DF02B18C58B0027FF5A /* Preview Assets.xcassets */; };
		14883DF92B18D4430027FF5A /* OpenAIService.swift in Sources */ = {isa = PBXBuildFile; fileRef = 14883DF82B18D4430027FF5A /* OpenAIService.swift */; };
/* End PBXBuildFile section */

/* Begin PBXFileReference section */
		14173BB42B274856002A9EC6 /* Font.swift */ = {isa = PBXFileReference; lastKnownFileType = sourcecode.swift; path = Font.swift; sourceTree = "<group>"; };
		14173BB72B27491E002A9EC6 /* AquireLight.otf */ = {isa = PBXFileReference; lastKnownFileType = file; path = AquireLight.otf; sourceTree = "<group>"; };
		14173BB82B27491E002A9EC6 /* AquireBold.otf */ = {isa = PBXFileReference; lastKnownFileType = file; path = AquireBold.otf; sourceTree = "<group>"; };
		14173BB92B27491E002A9EC6 /* AquireRegular.otf */ = {isa = PBXFileReference; lastKnownFileType = file; path = AquireRegular.otf; sourceTree = "<group>"; };
		14173BBD2B275105002A9EC6 /* PhotoCaptureView.swift */ = {isa = PBXFileReference; lastKnownFileType = sourcecode.swift; path = PhotoCaptureView.swift; sourceTree = "<group>"; };
		14173BBF2B275124002A9EC6 /* ImagePickerView.swift */ = {isa = PBXFileReference; lastKnownFileType = sourcecode.swift; path = ImagePickerView.swift; sourceTree = "<group>"; };
		14883DE62B18C58A0027FF5A /* RecycleBot.app */ = {isa = PBXFileReference; explicitFileType = wrapper.application; includeInIndex = 0; path = RecycleBot.app; sourceTree = BUILT_PRODUCTS_DIR; };
		14883DE92B18C58A0027FF5A /* RecycleBotApp.swift */ = {isa = PBXFileReference; lastKnownFileType = sourcecode.swift; path = RecycleBotApp.swift; sourceTree = "<group>"; };
		14883DEB2B18C58A0027FF5A /* ContentView.swift */ = {isa = PBXFileReference; lastKnownFileType = sourcecode.swift; path = ContentView.swift; sourceTree = "<group>"; };
		14883DED2B18C58B0027FF5A /* Assets.xcassets */ = {isa = PBXFileReference; lastKnownFileType = folder.assetcatalog; path = Assets.xcassets; sourceTree = "<group>"; };
		14883DF02B18C58B0027FF5A /* Preview Assets.xcassets */ = {isa = PBXFileReference; lastKnownFileType = folder.assetcatalog; path = "Preview Assets.xcassets"; sourceTree = "<group>"; };
		14883DF72B18CE280027FF5A /* Info.plist */ = {isa = PBXFileReference; lastKnownFileType = text.plist; path = Info.plist; sourceTree = "<group>"; };
		14883DF82B18D4430027FF5A /* OpenAIService.swift */ = {isa = PBXFileReference; lastKnownFileType = sourcecode.swift; path = OpenAIService.swift; sourceTree = "<group>"; };
/* End PBXFileReference section */

/* Begin PBXFrameworksBuildPhase section */
		14883DE32B18C58A0027FF5A /* Frameworks */ = {
			isa = PBXFrameworksBuildPhase;
			buildActionMask = 2147483647;
			files = (
			);
			runOnlyForDeploymentPostprocessing = 0;
		};
/* End PBXFrameworksBuildPhase section */

/* Begin PBXGroup section */
		14173BB62B27491E002A9EC6 /* aquire-font */ = {
			isa = PBXGroup;
			children = (
				14173BB72B27491E002A9EC6 /* AquireLight.otf */,
				14173BB82B27491E002A9EC6 /* AquireBold.otf */,
				14173BB92B27491E002A9EC6 /* AquireRegular.otf */,
			);
			path = "aquire-font";
			sourceTree = "<group>";
		};
		14883DDD2B18C58A0027FF5A = {
			isa = PBXGroup;
			children = (
				14883DE82B18C58A0027FF5A /* RecycleBot */,
				14883DE72B18C58A0027FF5A /* Products */,
			);
			sourceTree = "<group>";
		};
		14883DE72B18C58A0027FF5A /* Products */ = {
			isa = PBXGroup;
			children = (
				14883DE62B18C58A0027FF5A /* RecycleBot.app */,
			);
			name = Products;
			sourceTree = "<group>";
		};
		14883DE82B18C58A0027FF5A /* RecycleBot */ = {
			isa = PBXGroup;
			children = (
				14173BB62B27491E002A9EC6 /* aquire-font */,
				14173BB42B274856002A9EC6 /* Font.swift */,
				14173BBD2B275105002A9EC6 /* PhotoCaptureView.swift */,
				14173BBF2B275124002A9EC6 /* ImagePickerView.swift */,
				14883DF82B18D4430027FF5A /* OpenAIService.swift */,
				14883DEB2B18C58A0027FF5A /* ContentView.swift */,
				14883DE92B18C58A0027FF5A /* RecycleBotApp.swift */,
				14883DED2B18C58B0027FF5A /* Assets.xcassets */,
				14883DF72B18CE280027FF5A /* Info.plist */,
				14883DEF2B18C58B0027FF5A /* Preview Content */,
			);
			path = RecycleBot;
			sourceTree = "<group>";
		};
		14883DEF2B18C58B0027FF5A /* Preview Content */ = {
			isa = PBXGroup;
			children = (
				14883DF02B18C58B0027FF5A /* Preview Assets.xcassets */,
			);
			path = "Preview Content";
			sourceTree = "<group>";
		};
/* End PBXGroup section */

/* Begin PBXNativeTarget section */
		14883DE52B18C58A0027FF5A /* RecycleBot */ = {
			isa = PBXNativeTarget;
			buildConfigurationList = 14883DF42B18C58B0027FF5A /* Build configuration list for PBXNativeTarget "RecycleBot" */;
			buildPhases = (
				14883DE22B18C58A0027FF5A /* Sources */,
				14883DE32B18C58A0027FF5A /* Frameworks */,
				14883DE42B18C58A0027FF5A /* Resources */,
			);
			buildRules = (
			);
			dependencies = (
			);
			name = RecycleBot;
			productName = IsThatRecyclable;
			productReference = 14883DE62B18C58A0027FF5A /* RecycleBot.app */;
			productType = "com.apple.product-type.application";
		};
/* End PBXNativeTarget section */

/* Begin PBXProject section */
		14883DDE2B18C58A0027FF5A /* Project object */ = {
			isa = PBXProject;
			attributes = {
				BuildIndependentTargetsInParallel = 1;
				LastSwiftUpdateCheck = 1500;
				LastUpgradeCheck = 1500;
				TargetAttributes = {
					14883DE52B18C58A0027FF5A = {
						CreatedOnToolsVersion = 15.0;
					};
				};
			};
			buildConfigurationList = 14883DE12B18C58A0027FF5A /* Build configuration list for PBXProject "RecycleBot" */;
			compatibilityVersion = "Xcode 14.0";
			developmentRegion = en;
			hasScannedForEncodings = 0;
			knownRegions = (
				en,
				Base,
			);
			mainGroup = 14883DDD2B18C58A0027FF5A;
			productRefGroup = 14883DE72B18C58A0027FF5A /* Products */;
			projectDirPath = "";
			projectRoot = "";
			targets = (
				14883DE52B18C58A0027FF5A /* RecycleBot */,
			);
		};
/* End PBXProject section */

/* Begin PBXResourcesBuildPhase section */
		14883DE42B18C58A0027FF5A /* Resources */ = {
			isa = PBXResourcesBuildPhase;
			buildActionMask = 2147483647;
			files = (
				14883DF12B18C58B0027FF5A /* Preview Assets.xcassets in Resources */,
				14173BBB2B27491E002A9EC6 /* AquireBold.otf in Resources */,
				14883DEE2B18C58B0027FF5A /* Assets.xcassets in Resources */,
				14173BBA2B27491E002A9EC6 /* AquireLight.otf in Resources */,
				14173BBC2B27491E002A9EC6 /* AquireRegular.otf in Resources */,
			);
			runOnlyForDeploymentPostprocessing = 0;
		};
/* End PBXResourcesBuildPhase section */

/* Begin PBXSourcesBuildPhase section */
		14883DE22B18C58A0027FF5A /* Sources */ = {
			isa = PBXSourcesBuildPhase;
			buildActionMask = 2147483647;
			files = (
				14173BB52B274856002A9EC6 /* Font.swift in Sources */,
				14883DEC2B18C58A0027FF5A /* ContentView.swift in Sources */,
				14883DEA2B18C58A0027FF5A /* RecycleBotApp.swift in Sources */,
				14173BBE2B275105002A9EC6 /* PhotoCaptureView.swift in Sources */,
				14173BC02B275124002A9EC6 /* ImagePickerView.swift in Sources */,
				14883DF92B18D4430027FF5A /* OpenAIService.swift in Sources */,
			);
			runOnlyForDeploymentPostprocessing = 0;
		};
/* End PBXSourcesBuildPhase section */

/* Begin XCBuildConfiguration section */
		14883DF22B18C58B0027FF5A /* Debug */ = {
			isa = XCBuildConfiguration;
			buildSettings = {
				ALWAYS_SEARCH_USER_PATHS = NO;
				ASSETCATALOG_COMPILER_GENERATE_SWIFT_ASSET_SYMBOL_EXTENSIONS = YES;
				CLANG_ANALYZER_NONNULL = YES;
				CLANG_ANALYZER_NUMBER_OBJECT_CONVERSION = YES_AGGRESSIVE;
				CLANG_CXX_LANGUAGE_STANDARD = "gnu++20";
				CLANG_ENABLE_MODULES = YES;
				CLANG_ENABLE_OBJC_ARC = YES;
				CLANG_ENABLE_OBJC_WEAK = YES;
				CLANG_WARN_BLOCK_CAPTURE_AUTORELEASING = YES;
				CLANG_WARN_BOOL_CONVERSION = YES;
				CLANG_WARN_COMMA = YES;
				CLANG_WARN_CONSTANT_CONVERSION = YES;
				CLANG_WARN_DEPRECATED_OBJC_IMPLEMENTATIONS = YES;
				CLANG_WARN_DIRECT_OBJC_ISA_USAGE = YES_ERROR;
				CLANG_WARN_DOCUMENTATION_COMMENTS = YES;
				CLANG_WARN_EMPTY_BODY = YES;
				CLANG_WARN_ENUM_CONVERSION = YES;
				CLANG_WARN_INFINITE_RECURSION = YES;
				CLANG_WARN_INT_CONVERSION = YES;
				CLANG_WARN_NON_LITERAL_NULL_CONVERSION = YES;
				CLANG_WARN_OBJC_IMPLICIT_RETAIN_SELF = YES;
				CLANG_WARN_OBJC_LITERAL_CONVERSION = YES;
				CLANG_WARN_OBJC_ROOT_CLASS = YES_ERROR;
				CLANG_WARN_QUOTED_INCLUDE_IN_FRAMEWORK_HEADER = YES;
				CLANG_WARN_RANGE_LOOP_ANALYSIS = YES;
				CLANG_WARN_STRICT_PROTOTYPES = YES;
				CLANG_WARN_SUSPICIOUS_MOVE = YES;
				CLANG_WARN_UNGUARDED_AVAILABILITY = YES_AGGRESSIVE;
				CLANG_WARN_UNREACHABLE_CODE = YES;
				CLANG_WARN__DUPLICATE_METHOD_MATCH = YES;
				COPY_PHASE_STRIP = NO;
				DEBUG_INFORMATION_FORMAT = dwarf;
				ENABLE_STRICT_OBJC_MSGSEND = YES;
				ENABLE_TESTABILITY = YES;
				ENABLE_USER_SCRIPT_SANDBOXING = YES;
				GCC_C_LANGUAGE_STANDARD = gnu17;
				GCC_DYNAMIC_NO_PIC = NO;
				GCC_NO_COMMON_BLOCKS = YES;
				GCC_OPTIMIZATION_LEVEL = 0;
				GCC_PREPROCESSOR_DEFINITIONS = (
					"DEBUG=1",
					"$(inherited)",
				);
				GCC_WARN_64_TO_32_BIT_CONVERSION = YES;
				GCC_WARN_ABOUT_RETURN_TYPE = YES_ERROR;
				GCC_WARN_UNDECLARED_SELECTOR = YES;
				GCC_WARN_UNINITIALIZED_AUTOS = YES_AGGRESSIVE;
				GCC_WARN_UNUSED_FUNCTION = YES;
				GCC_WARN_UNUSED_VARIABLE = YES;
				IPHONEOS_DEPLOYMENT_TARGET = 17.0;
				LOCALIZATION_PREFERS_STRING_CATALOGS = YES;
				MTL_ENABLE_DEBUG_INFO = INCLUDE_SOURCE;
				MTL_FAST_MATH = YES;
				ONLY_ACTIVE_ARCH = YES;
				SDKROOT = iphoneos;
				SWIFT_ACTIVE_COMPILATION_CONDITIONS = "DEBUG $(inherited)";
				SWIFT_OPTIMIZATION_LEVEL = "-Onone";
			};
			name = Debug;
		};
		14883DF32B18C58B0027FF5A /* Release */ = {
			isa = XCBuildConfiguration;
			buildSettings = {
				ALWAYS_SEARCH_USER_PATHS = NO;
				ASSETCATALOG_COMPILER_GENERATE_SWIFT_ASSET_SYMBOL_EXTENSIONS = YES;
				CLANG_ANALYZER_NONNULL = YES;
				CLANG_ANALYZER_NUMBER_OBJECT_CONVERSION = YES_AGGRESSIVE;
				CLANG_CXX_LANGUAGE_STANDARD = "gnu++20";
				CLANG_ENABLE_MODULES = YES;
				CLANG_ENABLE_OBJC_ARC = YES;
				CLANG_ENABLE_OBJC_WEAK = YES;
				CLANG_WARN_BLOCK_CAPTURE_AUTORELEASING = YES;
				CLANG_WARN_BOOL_CONVERSION = YES;
				CLANG_WARN_COMMA = YES;
				CLANG_WARN_CONSTANT_CONVERSION = YES;
				CLANG_WARN_DEPRECATED_OBJC_IMPLEMENTATIONS = YES;
				CLANG_WARN_DIRECT_OBJC_ISA_USAGE = YES_ERROR;
				CLANG_WARN_DOCUMENTATION_COMMENTS = YES;
				CLANG_WARN_EMPTY_BODY = YES;
				CLANG_WARN_ENUM_CONVERSION = YES;
				CLANG_WARN_INFINITE_RECURSION = YES;
				CLANG_WARN_INT_CONVERSION = YES;
				CLANG_WARN_NON_LITERAL_NULL_CONVERSION = YES;
				CLANG_WARN_OBJC_IMPLICIT_RETAIN_SELF = YES;
				CLANG_WARN_OBJC_LITERAL_CONVERSION = YES;
				CLANG_WARN_OBJC_ROOT_CLASS = YES_ERROR;
				CLANG_WARN_QUOTED_INCLUDE_IN_FRAMEWORK_HEADER = YES;
				CLANG_WARN_RANGE_LOOP_ANALYSIS = YES;
				CLANG_WARN_STRICT_PROTOTYPES = YES;
				CLANG_WARN_SUSPICIOUS_MOVE = YES;
				CLANG_WARN_UNGUARDED_AVAILABILITY = YES_AGGRESSIVE;
				CLANG_WARN_UNREACHABLE_CODE = YES;
				CLANG_WARN__DUPLICATE_METHOD_MATCH = YES;
				COPY_PHASE_STRIP = NO;
				DEBUG_INFORMATION_FORMAT = "dwarf-with-dsym";
				ENABLE_NS_ASSERTIONS = NO;
				ENABLE_STRICT_OBJC_MSGSEND = YES;
				ENABLE_USER_SCRIPT_SANDBOXING = YES;
				GCC_C_LANGUAGE_STANDARD = gnu17;
				GCC_NO_COMMON_BLOCKS = YES;
				GCC_WARN_64_TO_32_BIT_CONVERSION = YES;
				GCC_WARN_ABOUT_RETURN_TYPE = YES_ERROR;
				GCC_WARN_UNDECLARED_SELECTOR = YES;
				GCC_WARN_UNINITIALIZED_AUTOS = YES_AGGRESSIVE;
				GCC_WARN_UNUSED_FUNCTION = YES;
				GCC_WARN_UNUSED_VARIABLE = YES;
				IPHONEOS_DEPLOYMENT_TARGET = 17.0;
				LOCALIZATION_PREFERS_STRING_CATALOGS = YES;
				MTL_ENABLE_DEBUG_INFO = NO;
				MTL_FAST_MATH = YES;
				SDKROOT = iphoneos;
				SWIFT_COMPILATION_MODE = wholemodule;
				VALIDATE_PRODUCT = YES;
			};
			name = Release;
		};
		14883DF52B18C58B0027FF5A /* Debug */ = {
			isa = XCBuildConfiguration;
			buildSettings = {
				ASSETCATALOG_COMPILER_APPICON_NAME = AppIcon;
				ASSETCATALOG_COMPILER_GLOBAL_ACCENT_COLOR_NAME = AccentColor;
				CODE_SIGN_STYLE = Automatic;
				CURRENT_PROJECT_VERSION = 1;
				DEVELOPMENT_ASSET_PATHS = "\"RecycleBot/Preview Content\"";
				DEVELOPMENT_TEAM = RGM9JAFXFM;
				ENABLE_PREVIEWS = YES;
				GENERATE_INFOPLIST_FILE = YES;
				INFOPLIST_FILE = RecycleBot/Info.plist;
				INFOPLIST_KEY_NSCameraUsageDescription = "gimme access";
				INFOPLIST_KEY_NSPhotoLibraryUsageDescription = "gimme access";
				INFOPLIST_KEY_UIApplicationSceneManifest_Generation = YES;
				INFOPLIST_KEY_UIApplicationSupportsIndirectInputEvents = YES;
				INFOPLIST_KEY_UILaunchScreen_Generation = YES;
				INFOPLIST_KEY_UISupportedInterfaceOrientations_iPad = "UIInterfaceOrientationPortrait UIInterfaceOrientationPortraitUpsideDown UIInterfaceOrientationLandscapeLeft UIInterfaceOrientationLandscapeRight";
				INFOPLIST_KEY_UISupportedInterfaceOrientations_iPhone = "UIInterfaceOrientationPortrait UIInterfaceOrientationLandscapeLeft UIInterfaceOrientationLandscapeRight";
				IPHONEOS_DEPLOYMENT_TARGET = 16.0;
				LD_RUNPATH_SEARCH_PATHS = (
					"$(inherited)",
					"@executable_path/Frameworks",
				);
				MARKETING_VERSION = 1.0;
				PRODUCT_BUNDLE_IDENTIFIER = com.NoahBrauner.RecycleBot;
				PRODUCT_NAME = "$(TARGET_NAME)";
				SWIFT_EMIT_LOC_STRINGS = YES;
				SWIFT_VERSION = 5.0;
				TARGETED_DEVICE_FAMILY = "1,2";
			};
			name = Debug;
		};
		14883DF62B18C58B0027FF5A /* Release */ = {
			isa = XCBuildConfiguration;
			buildSettings = {
				ASSETCATALOG_COMPILER_APPICON_NAME = AppIcon;
				ASSETCATALOG_COMPILER_GLOBAL_ACCENT_COLOR_NAME = AccentColor;
				CODE_SIGN_STYLE = Automatic;
				CURRENT_PROJECT_VERSION = 1;
				DEVELOPMENT_ASSET_PATHS = "\"RecycleBot/Preview Content\"";
				DEVELOPMENT_TEAM = RGM9JAFXFM;
				ENABLE_PREVIEWS = YES;
				GENERATE_INFOPLIST_FILE = YES;
				INFOPLIST_FILE = RecycleBot/Info.plist;
				INFOPLIST_KEY_NSCameraUsageDescription = "gimme access";
				INFOPLIST_KEY_NSPhotoLibraryUsageDescription = "gimme access";
				INFOPLIST_KEY_UIApplicationSceneManifest_Generation = YES;
				INFOPLIST_KEY_UIApplicationSupportsIndirectInputEvents = YES;
				INFOPLIST_KEY_UILaunchScreen_Generation = YES;
				INFOPLIST_KEY_UISupportedInterfaceOrientations_iPad = "UIInterfaceOrientationPortrait UIInterfaceOrientationPortraitUpsideDown UIInterfaceOrientationLandscapeLeft UIInterfaceOrientationLandscapeRight";
				INFOPLIST_KEY_UISupportedInterfaceOrientations_iPhone = "UIInterfaceOrientationPortrait UIInterfaceOrientationLandscapeLeft UIInterfaceOrientationLandscapeRight";
				IPHONEOS_DEPLOYMENT_TARGET = 16.0;
				LD_RUNPATH_SEARCH_PATHS = (
					"$(inherited)",
					"@executable_path/Frameworks",
				);
				MARKETING_VERSION = 1.0;
				PRODUCT_BUNDLE_IDENTIFIER = com.NoahBrauner.RecycleBot;
				PRODUCT_NAME = "$(TARGET_NAME)";
				SWIFT_EMIT_LOC_STRINGS = YES;
				SWIFT_VERSION = 5.0;
				TARGETED_DEVICE_FAMILY = "1,2";
			};
			name = Release;
		};
/* End XCBuildConfiguration section */

/* Begin XCConfigurationList section */
		14883DE12B18C58A0027FF5A /* Build configuration list for PBXProject "RecycleBot" */ = {
			isa = XCConfigurationList;
			buildConfigurations = (
				14883DF22B18C58B0027FF5A /* Debug */,
				14883DF32B18C58B0027FF5A /* Release */,
			);
			defaultConfigurationIsVisible = 0;
			defaultConfigurationName = Release;
		};
		14883DF42B18C58B0027FF5A /* Build configuration list for PBXNativeTarget "RecycleBot" */ = {
			isa = XCConfigurationList;
			buildConfigurations = (
				14883DF52B18C58B0027FF5A /* Debug */,
				14883DF62B18C58B0027FF5A /* Release */,
			);
			defaultConfigurationIsVisible = 0;
			defaultConfigurationName = Release;
		};
/* End XCConfigurationList section */
	};
	rootObject = 14883DDE2B18C58A0027FF5A /* Project object */;
}
